
Microsoft Visual Studio Solution File, Format Version 12.00
# Visual Studio 15
VisualStudioVersion = 15.0.27428.2043
MinimumVisualStudioVersion = 10.0.40219.1
Project("{FAE04EC0-301F-11D3-BF4B-00C04F79EFBC}") = "NAGP_4124_Console", "NAGP_4124_Console\NAGP_4124_Console.csproj", "{0430F4B1-C23C-4C18-99E6-4A3744130D55}"
EndProject
Project("{FAE04EC0-301F-11D3-BF4B-00C04F79EFBC}") = "NAGP_4124_UnitTesting", "NAGP_4124_UnitTesting\NAGP_4124_UnitTesting.csproj", "{DF8DADA7-7C0B-4A9E-8FBE-F4AB2F1532DF}"
EndProject
Project("{FAE04EC0-301F-11D3-BF4B-00C04F79EFBC}") = "NAGP_4124_IntegrationTesting", "NAGP_4124_IntegrationTesting\NAGP_4124_IntegrationTesting.csproj", "{64AB23FC-2D9F-4324-917A-A213B30F8FAC}"
EndProject
Global
	GlobalSection(SolutionConfigurationPlatforms) = preSolution
		Debug|Any CPU = Debug|Any CPU
		Release|Any CPU = Release|Any CPU
	EndGlobalSection
	GlobalSection(ProjectConfigurationPlatforms) = postSolution
		{0430F4B1-C23C-4C18-99E6-4A3744130D55}.Debug|Any CPU.ActiveCfg = Debug|Any CPU
		{0430F4B1-C23C-4C18-99E6-4A3744130D55}.Debug|Any CPU.Build.0 = Debug|Any CPU
		{0430F4B1-C23C-4C18-99E6-4A3744130D55}.Release|Any CPU.ActiveCfg = Release|Any CPU
		{0430F4B1-C23C-4C18-99E6-4A3744130D55}.Release|Any CPU.Build.0 = Release|Any CPU
		{DF8DADA7-7C0B-4A9E-8FBE-F4AB2F1532DF}.Debug|Any CPU.ActiveCfg = Debug|Any CPU
		{DF8DADA7-7C0B-4A9E-8FBE-F4AB2F1532DF}.Debug|Any CPU.Build.0 = Debug|Any CPU
		{DF8DADA7-7C0B-4A9E-8FBE-F4AB2F1532DF}.Release|Any CPU.ActiveCfg = Release|Any CPU
		{DF8DADA7-7C0B-4A9E-8FBE-F4AB2F1532DF}.Release|Any CPU.Build.0 = Release|Any CPU
		{64AB23FC-2D9F-4324-917A-A213B30F8FAC}.Debug|Any CPU.ActiveCfg = Debug|Any CPU
		{64AB23FC-2D9F-4324-917A-A213B30F8FAC}.Debug|Any CPU.Build.0 = Debug|Any CPU
		{64AB23FC-2D9F-4324-917A-A213B30F8FAC}.Release|Any CPU.ActiveCfg = Release|Any CPU
		{64AB23FC-2D9F-4324-917A-A213B30F8FAC}.Release|Any CPU.Build.0 = Release|Any CPU
	EndGlobalSection
	GlobalSection(SolutionProperties) = preSolution
		HideSolutionNode = FALSE
	EndGlobalSection
	GlobalSection(ExtensibilityGlobals) = postSolution
		SolutionGuid = {E3A83B56-1C77-425F-859F-D619EF46251F}
	EndGlobalSection
EndGlobal
